// !$*UTF8*$!
{
	archiveVersion = 1;
	classes = {
	};
	objectVersion = 46;
	objects = {

/* Begin PBXBuildFile section */
		875304BC1F10890E00E1142C /* AppDelegate.swift in Sources */ = {isa = PBXBuildFile; fileRef = 875304BB1F10890E00E1142C /* AppDelegate.swift */; };
		875304BE1F10890E00E1142C /* ViewController.swift in Sources */ = {isa = PBXBuildFile; fileRef = 875304BD1F10890E00E1142C /* ViewController.swift */; };
		875304C01F10890E00E1142C /* Document.swift in Sources */ = {isa = PBXBuildFile; fileRef = 875304BF1F10890E00E1142C /* Document.swift */; };
		875304C21F10890E00E1142C /* Assets.xcassets in Resources */ = {isa = PBXBuildFile; fileRef = 875304C11F10890E00E1142C /* Assets.xcassets */; };
		875304C51F10890E00E1142C /* Main.storyboard in Resources */ = {isa = PBXBuildFile; fileRef = 875304C31F10890E00E1142C /* Main.storyboard */; };
/* End PBXBuildFile section */

/* Begin PBXFileReference section */
		875304B81F10890E00E1142C /* BNRSwiftCh26_VocalTextEdit.app */ = {isa = PBXFileReference; explicitFileType = wrapper.application; includeInIndex = 0; path = BNRSwiftCh26_VocalTextEdit.app; sourceTree = BUILT_PRODUCTS_DIR; };
		875304BB1F10890E00E1142C /* AppDelegate.swift */ = {isa = PBXFileReference; lastKnownFileType = sourcecode.swift; path = AppDelegate.swift; sourceTree = "<group>"; };
		875304BD1F10890E00E1142C /* ViewController.swift */ = {isa = PBXFileReference; lastKnownFileType = sourcecode.swift; path = ViewController.swift; sourceTree = "<group>"; };
		875304BF1F10890E00E1142C /* Document.swift */ = {isa = PBXFileReference; lastKnownFileType = sourcecode.swift; path = Document.swift; sourceTree = "<group>"; };
		875304C11F10890E00E1142C /* Assets.xcassets */ = {isa = PBXFileReference; lastKnownFileType = folder.assetcatalog; path = Assets.xcassets; sourceTree = "<group>"; };
		875304C41F10890E00E1142C /* Base */ = {isa = PBXFileReference; lastKnownFileType = file.storyboard; name = Base; path = Base.lproj/Main.storyboard; sourceTree = "<group>"; };
		875304C61F10890E00E1142C /* Info.plist */ = {isa = PBXFileReference; lastKnownFileType = text.plist.xml; path = Info.plist; sourceTree = "<group>"; };
/* End PBXFileReference section */

/* Begin PBXFrameworksBuildPhase section */
		875304B51F10890E00E1142C /* Frameworks */ = {
			isa = PBXFrameworksBuildPhase;
			buildActionMask = 2147483647;
			files = (
			);
			runOnlyForDeploymentPostprocessing = 0;
		};
/* End PBXFrameworksBuildPhase section */

/* Begin PBXGroup section */
		875304AF1F10890E00E1142C = {
			isa = PBXGroup;
			children = (
				875304BA1F10890E00E1142C /* BNRSwiftCh26_VocalTextEdit */,
				875304B91F10890E00E1142C /* Products */,
			);
			sourceTree = "<group>";
		};
		875304B91F10890E00E1142C /* Products */ = {
			isa = PBXGroup;
			children = (
				875304B81F10890E00E1142C /* BNRSwiftCh26_VocalTextEdit.app */,
			);
			name = Products;
			sourceTree = "<group>";
		};
		875304BA1F10890E00E1142C /* BNRSwiftCh26_VocalTextEdit */ = {
			isa = PBXGroup;
			children = (
				875304BB1F10890E00E1142C /* AppDelegate.swift */,
				875304BD1F10890E00E1142C /* ViewController.swift */,
				875304BF1F10890E00E1142C /* Document.swift */,
				875304C11F10890E00E1142C /* Assets.xcassets */,
				875304C31F10890E00E1142C /* Main.storyboard */,
				875304C61F10890E00E1142C /* Info.plist */,
			);
			path = BNRSwiftCh26_VocalTextEdit;
			sourceTree = "<group>";
		};
/* End PBXGroup section */

/* Begin PBXNativeTarget section */
		875304B71F10890E00E1142C /* BNRSwiftCh26_VocalTextEdit */ = {
			isa = PBXNativeTarget;
			buildConfigurationList = 875304C91F10890E00E1142C /* Build configuration list for PBXNativeTarget "BNRSwiftCh26_VocalTextEdit" */;
			buildPhases = (
				875304B41F10890E00E1142C /* Sources */,
				875304B51F10890E00E1142C /* Frameworks */,
				875304B61F10890E00E1142C /* Resources */,
			);
			buildRules = (
			);
			dependencies = (
			);
			name = BNRSwiftCh26_VocalTextEdit;
			productName = BNRSwiftCh26_VocalTextEdit;
			productReference = 875304B81F10890E00E1142C /* BNRSwiftCh26_VocalTextEdit.app */;
			productType = "com.apple.product-type.application";
		};
/* End PBXNativeTarget section */

/* Begin PBXProject section */
		875304B01F10890E00E1142C /* Project object */ = {
			isa = PBXProject;
			attributes = {
				LastSwiftUpdateCheck = 0830;
				LastUpgradeCheck = 0830;
				ORGANIZATIONNAME = "Neota Moe";
				TargetAttributes = {
					875304B71F10890E00E1142C = {
						CreatedOnToolsVersion = 8.3.3;
						ProvisioningStyle = Automatic;
					};
				};
			};
			buildConfigurationList = 875304B31F10890E00E1142C /* Build configuration list for PBXProject "BNRSwiftCh26_VocalTextEdit" */;
			compatibilityVersion = "Xcode 3.2";
			developmentRegion = English;
			hasScannedForEncodings = 0;
			knownRegions = (
				en,
				Base,
			);
			mainGroup = 875304AF1F10890E00E1142C;
			productRefGroup = 875304B91F10890E00E1142C /* Products */;
			projectDirPath = "";
			projectRoot = "";
			targets = (
				875304B71F10890E00E1142C /* BNRSwiftCh26_VocalTextEdit */,
			);
		};
/* End PBXProject section */

/* Begin PBXResourcesBuildPhase section */
		875304B61F10890E00E1142C /* Resources */ = {
			isa = PBXResourcesBuildPhase;
			buildActionMask = 2147483647;
			files = (
				875304C21F10890E00E1142C /* Assets.xcassets in Resources */,
				875304C51F10890E00E1142C /* Main.storyboard in Resources */,
			);
			runOnlyForDeploymentPostprocessing = 0;
		};
/* End PBXResourcesBuildPhase section */

/* Begin PBXSourcesBuildPhase section */
		875304B41F10890E00E1142C /* Sources */ = {
			isa = PBXSourcesBuildPhase;
			buildActionMask = 2147483647;
			files = (
				875304BE1F10890E00E1142C /* ViewController.swift in Sources */,
				875304BC1F10890E00E1142C /* AppDelegate.swift in Sources */,
				875304C01F10890E00E1142C /* Document.swift in Sources */,
			);
			runOnlyForDeploymentPostprocessing = 0;
		};
/* End PBXSourcesBuildPhase section */

/* Begin PBXVariantGroup section */
		875304C31F10890E00E1142C /* Main.storyboard */ = {
			isa = PBXVariantGroup;
			children = (
				875304C41F10890E00E1142C /* Base */,
			);
			name = Main.storyboard;
			sourceTree = "<group>";
		};
/* End PBXVariantGroup section */

/* Begin XCBuildConfiguration section */
		875304C71F10890E00E1142C /* Debug */ = {
			isa = XCBuildConfiguration;
			buildSettings = {
				ALWAYS_SEARCH_USER_PATHS = NO;
				CLANG_ANALYZER_NONNULL = YES;
				CLANG_ANALYZER_NUMBER_OBJECT_CONVERSION = YES_AGGRESSIVE;
				CLANG_CXX_LANGUAGE_STANDARD = "gnu++0x";
				CLANG_CXX_LIBRARY = "libc++";
				CLANG_ENABLE_MODULES = YES;
				CLANG_ENABLE_OBJC_ARC = YES;
				CLANG_WARN_BOOL_CONVERSION = YES;
				CLANG_WARN_CONSTANT_CONVERSION = YES;
				CLANG_WARN_DIRECT_OBJC_ISA_USAGE = YES_ERROR;
				CLANG_WARN_DOCUMENTATION_COMMENTS = YES;
				CLANG_WARN_EMPTY_BODY = YES;
				CLANG_WARN_ENUM_CONVERSION = YES;
				CLANG_WARN_INFINITE_RECURSION = YES;
				CLANG_WARN_INT_CONVERSION = YES;
				CLANG_WARN_OBJC_ROOT_CLASS = YES_ERROR;
				CLANG_WARN_SUSPICIOUS_MOVE = YES;
				CLANG_WARN_UNREACHABLE_CODE = YES;
				CLANG_WARN__DUPLICATE_METHOD_MATCH = YES;
				CODE_SIGN_IDENTITY = "-";
				COPY_PHASE_STRIP = NO;
				DEBUG_INFORMATION_FORMAT = dwarf;
				ENABLE_STRICT_OBJC_MSGSEND = YES;
				ENABLE_TESTABILITY = YES;
				GCC_C_LANGUAGE_STANDARD = gnu99;
				GCC_DYNAMIC_NO_PIC = NO;
				GCC_NO_COMMON_BLOCKS = YES;
				GCC_OPTIMIZATION_LEVEL = 0;
				GCC_PREPROCESSOR_DEFINITIONS = (
					"DEBUG=1",
					"$(inherited)",
				);
				GCC_WARN_64_TO_32_BIT_CONVERSION = YES;
				GCC_WARN_ABOUT_RETURN_TYPE = YES_ERROR;
				GCC_WARN_UNDECLARED_SELECTOR = YES;
				GCC_WARN_UNINITIALIZED_AUTOS = YES_AGGRESSIVE;
				GCC_WARN_UNUSED_FUNCTION = YES;
				GCC_WARN_UNUSED_VARIABLE = YES;
				MACOSX_DEPLOYMENT_TARGET = 10.12;
				MTL_ENABLE_DEBUG_INFO = YES;
				ONLY_ACTIVE_ARCH = YES;
				SDKROOT = macosx;
				SWIFT_ACTIVE_COMPILATION_CONDITIONS = DEBUG;
				SWIFT_OPTIMIZATION_LEVEL = "-Onone";
			};
			name = Debug;
		};
		875304C81F10890E00E1142C /* Release */ = {
			isa = XCBuildConfiguration;
			buildSettings = {
				ALWAYS_SEARCH_USER_PATHS = NO;
				CLANG_ANALYZER_NONNULL = YES;
				CLANG_ANALYZER_NUMBER_OBJECT_CONVERSION = YES_AGGRESSIVE;
				CLANG_CXX_LANGUAGE_STANDARD = "gnu++0x";
				CLANG_CXX_LIBRARY = "libc++";
				CLANG_ENABLE_MODULES = YES;
				CLANG_ENABLE_OBJC_ARC = YES;
				CLANG_WARN_BOOL_CONVERSION = YES;
				CLANG_WARN_CONSTANT_CONVERSION = YES;
				CLANG_WARN_DIRECT_OBJC_ISA_USAGE = YES_ERROR;
				CLANG_WARN_DOCUMENTATION_COMMENTS = YES;
				CLANG_WARN_EMPTY_BODY = YES;
				CLANG_WARN_ENUM_CONVERSION = YES;
				CLANG_WARN_INFINITE_RECURSION = YES;
				CLANG_WARN_INT_CONVERSION = YES;
				CLANG_WARN_OBJC_ROOT_CLASS = YES_ERROR;
				CLANG_WARN_SUSPICIOUS_MOVE = YES;
				CLANG_WARN_UNREACHABLE_CODE = YES;
				CLANG_WARN__DUPLICATE_METHOD_MATCH = YES;
				CODE_SIGN_IDENTITY = "-";
				COPY_PHASE_STRIP = NO;
				DEBUG_INFORMATION_FORMAT = "dwarf-with-dsym";
				ENABLE_NS_ASSERTIONS = NO;
				ENABLE_STRICT_OBJC_MSGSEND = YES;
				GCC_C_LANGUAGE_STANDARD = gnu99;
				GCC_NO_COMMON_BLOCKS = YES;
				GCC_WARN_64_TO_32_BIT_CONVERSION = YES;
				GCC_WARN_ABOUT_RETURN_TYPE = YES_ERROR;
				GCC_WARN_UNDECLARED_SELECTOR = YES;
				GCC_WARN_UNINITIALIZED_AUTOS = YES_AGGRESSIVE;
				GCC_WARN_UNUSED_FUNCTION = YES;
				GCC_WARN_UNUSED_VARIABLE = YES;
				MACOSX_DEPLOYMENT_TARGET = 10.12;
				MTL_ENABLE_DEBUG_INFO = NO;
				SDKROOT = macosx;
				SWIFT_OPTIMIZATION_LEVEL = "-Owholemodule";
			};
			name = Release;
		};
		875304CA1F10890E00E1142C /* Debug */ = {
			isa = XCBuildConfiguration;
			buildSettings = {
				ASSETCATALOG_COMPILER_APPICON_NAME = AppIcon;
				COMBINE_HIDPI_IMAGES = YES;
				INFOPLIST_FILE = BNRSwiftCh26_VocalTextEdit/Info.plist;
				LD_RUNPATH_SEARCH_PATHS = "$(inherited) @executable_path/../Frameworks";
				PRODUCT_BUNDLE_IDENTIFIER = "moe.neota.BNRSwiftCh26-VocalTextEdit";
				PRODUCT_NAME = "$(TARGET_NAME)";
				SWIFT_VERSION = 3.0;
			};
			name = Debug;
		};
		875304CB1F10890E00E1142C /* Release */ = {
			isa = XCBuildConfiguration;
			buildSettings = {
				ASSETCATALOG_COMPILER_APPICON_NAME = AppIcon;
				COMBINE_HIDPI_IMAGES = YES;
				INFOPLIST_FILE = BNRSwiftCh26_VocalTextEdit/Info.plist;
				LD_RUNPATH_SEARCH_PATHS = "$(inherited) @executable_path/../Frameworks";
				PRODUCT_BUNDLE_IDENTIFIER = "moe.neota.BNRSwiftCh26-VocalTextEdit";
				PRODUCT_NAME = "$(TARGET_NAME)";
				SWIFT_VERSION = 3.0;
			};
			name = Release;
		};
/* End XCBuildConfiguration section */

/* Begin XCConfigurationList section */
		875304B31F10890E00E1142C /* Build configuration list for PBXProject "BNRSwiftCh26_VocalTextEdit" */ = {
			isa = XCConfigurationList;
			buildConfigurations = (
				875304C71F10890E00E1142C /* Debug */,
				875304C81F10890E00E1142C /* Release */,
			);
			defaultConfigurationIsVisible = 0;
			defaultConfigurationName = Release;
		};
		875304C91F10890E00E1142C /* Build configuration list for PBXNativeTarget "BNRSwiftCh26_VocalTextEdit" */ = {
			isa = XCConfigurationList;
			buildConfigurations = (
				875304CA1F10890E00E1142C /* Debug */,
				875304CB1F10890E00E1142C /* Release */,
			);
			defaultConfigurationIsVisible = 0;
		};
/* End XCConfigurationList section */
	};
	rootObject = 875304B01F10890E00E1142C /* Project object */;
}
